
Microsoft Visual Studio Solution File, Format Version 12.00
# Visual Studio 15
VisualStudioVersion = 15.0.28307.136
MinimumVisualStudioVersion = 10.0.40219.1
Project("{F184B08F-C81C-45F6-A57F-5ABD9991F28F}") = "Emma", "Emma\Emma.vbproj", "{B32D86B1-480A-4E45-B9DC-ADDC33693C07}"
EndProject
Global
	GlobalSection(SolutionConfigurationPlatforms) = preSolution
		Debug|Any CPU = Debug|Any CPU
		Release|Any CPU = Release|Any CPU
	EndGlobalSection
	GlobalSection(ProjectConfigurationPlatforms) = postSolution
		{B32D86B1-480A-4E45-B9DC-ADDC33693C07}.Debug|Any CPU.ActiveCfg = Debug|Any CPU
		{B32D86B1-480A-4E45-B9DC-ADDC33693C07}.Debug|Any CPU.Build.0 = Debug|Any CPU
		{B32D86B1-480A-4E45-B9DC-ADDC33693C07}.Release|Any CPU.ActiveCfg = Release|Any CPU
		{B32D86B1-480A-4E45-B9DC-ADDC33693C07}.Release|Any CPU.Build.0 = Release|Any CPU
	EndGlobalSection
	GlobalSection(SolutionProperties) = preSolution
		HideSolutionNode = FALSE
	EndGlobalSection
	GlobalSection(ExtensibilityGlobals) = postSolution
		SolutionGuid = {FD0426E4-D3D9-4304-AAE4-4C80F45CA205}
	EndGlobalSection
EndGlobal
